// !$*UTF8*$!
{
	archiveVersion = 1;
	classes = {
	};
	objectVersion = 77;
	objects = {

/* Begin PBXBuildFile section */
		2E1315A43995003E8526D6A1 /* libPods-DomainManager.a in Frameworks */ = {isa = PBXBuildFile; fileRef = 3D45D4252ECE527A667223FB /* libPods-DomainManager.a */; };
/* End PBXBuildFile section */

/* Begin PBXContainerItemProxy section */
		83F9DBD02E127A540024822B /* PBXContainerItemProxy */ = {
			isa = PBXContainerItemProxy;
			containerPortal = 83F9DBB12E127A520024822B /* Project object */;
			proxyType = 1;
			remoteGlobalIDString = 83F9DBB82E127A520024822B;
			remoteInfo = DomainManager;
		};
		83F9DBDA2E127A540024822B /* PBXContainerItemProxy */ = {
			isa = PBXContainerItemProxy;
			containerPortal = 83F9DBB12E127A520024822B /* Project object */;
			proxyType = 1;
			remoteGlobalIDString = 83F9DBB82E127A520024822B;
			remoteInfo = DomainManager;
		};
/* End PBXContainerItemProxy section */

/* Begin PBXFileReference section */
		33AB1658F22212F6174B03FB /* Pods-DomainManager.debug.xcconfig */ = {isa = PBXFileReference; includeInIndex = 1; lastKnownFileType = text.xcconfig; name = "Pods-DomainManager.debug.xcconfig"; path = "Target Support Files/Pods-DomainManager/Pods-DomainManager.debug.xcconfig"; sourceTree = "<group>"; };
		3D45D4252ECE527A667223FB /* libPods-DomainManager.a */ = {isa = PBXFileReference; explicitFileType = archive.ar; includeInIndex = 0; path = "libPods-DomainManager.a"; sourceTree = BUILT_PRODUCTS_DIR; };
		6393C00CD56C27F8D3A30056 /* Pods-DomainManager.release.xcconfig */ = {isa = PBXFileReference; includeInIndex = 1; lastKnownFileType = text.xcconfig; name = "Pods-DomainManager.release.xcconfig"; path = "Target Support Files/Pods-DomainManager/Pods-DomainManager.release.xcconfig"; sourceTree = "<group>"; };
		83F9DBB92E127A520024822B /* DomainManager.app */ = {isa = PBXFileReference; explicitFileType = wrapper.application; includeInIndex = 0; path = DomainManager.app; sourceTree = BUILT_PRODUCTS_DIR; };
		83F9DBCF2E127A540024822B /* DomainManagerTests.xctest */ = {isa = PBXFileReference; explicitFileType = wrapper.cfbundle; includeInIndex = 0; path = DomainManagerTests.xctest; sourceTree = BUILT_PRODUCTS_DIR; };
		83F9DBD92E127A540024822B /* DomainManagerUITests.xctest */ = {isa = PBXFileReference; explicitFileType = wrapper.cfbundle; includeInIndex = 0; path = DomainManagerUITests.xctest; sourceTree = BUILT_PRODUCTS_DIR; };
/* End PBXFileReference section */

/* Begin PBXFileSystemSynchronizedBuildFileExceptionSet section */
		83F9DBE12E127A540024822B /* Exceptions for "DomainManager" folder in "DomainManager" target */ = {
			isa = PBXFileSystemSynchronizedBuildFileExceptionSet;
			membershipExceptions = (
				Info.plist,
			);
			target = 83F9DBB82E127A520024822B /* DomainManager */;
		};
/* End PBXFileSystemSynchronizedBuildFileExceptionSet section */

/* Begin PBXFileSystemSynchronizedRootGroup section */
		83F9DBBB2E127A520024822B /* DomainManager */ = {
			isa = PBXFileSystemSynchronizedRootGroup;
			exceptions = (
				83F9DBE12E127A540024822B /* Exceptions for "DomainManager" folder in "DomainManager" target */,
			);
			path = DomainManager;
			sourceTree = "<group>";
		};
		83F9DBD22E127A540024822B /* DomainManagerTests */ = {
			isa = PBXFileSystemSynchronizedRootGroup;
			exceptions = (
			);
			path = DomainManagerTests;
			sourceTree = "<group>";
		};
		83F9DBDC2E127A540024822B /* DomainManagerUITests */ = {
			isa = PBXFileSystemSynchronizedRootGroup;
			exceptions = (
			);
			path = DomainManagerUITests;
			sourceTree = "<group>";
		};
/* End PBXFileSystemSynchronizedRootGroup section */

/* Begin PBXFrameworksBuildPhase section */
		83F9DBB62E127A520024822B /* Frameworks */ = {
			isa = PBXFrameworksBuildPhase;
			buildActionMask = 2147483647;
			files = (
				2E1315A43995003E8526D6A1 /* libPods-DomainManager.a in Frameworks */,
			);
			runOnlyForDeploymentPostprocessing = 0;
		};
		83F9DBCC2E127A540024822B /* Frameworks */ = {
			isa = PBXFrameworksBuildPhase;
			buildActionMask = 2147483647;
			files = (
			);
			runOnlyForDeploymentPostprocessing = 0;
		};
		83F9DBD62E127A540024822B /* Frameworks */ = {
			isa = PBXFrameworksBuildPhase;
			buildActionMask = 2147483647;
			files = (
			);
			runOnlyForDeploymentPostprocessing = 0;
		};
/* End PBXFrameworksBuildPhase section */

/* Begin PBXGroup section */
		83F9DBB02E127A520024822B = {
			isa = PBXGroup;
			children = (
				83F9DBBB2E127A520024822B /* DomainManager */,
				83F9DBD22E127A540024822B /* DomainManagerTests */,
				83F9DBDC2E127A540024822B /* DomainManagerUITests */,
				83F9DBBA2E127A520024822B /* Products */,
				F7908D5CFC2C9F44B303409C /* Pods */,
				8C314CDE248EA59D8661244C /* Frameworks */,
			);
			sourceTree = "<group>";
		};
		83F9DBBA2E127A520024822B /* Products */ = {
			isa = PBXGroup;
			children = (
				83F9DBB92E127A520024822B /* DomainManager.app */,
				83F9DBCF2E127A540024822B /* DomainManagerTests.xctest */,
				83F9DBD92E127A540024822B /* DomainManagerUITests.xctest */,
			);
			name = Products;
			sourceTree = "<group>";
		};
		8C314CDE248EA59D8661244C /* Frameworks */ = {
			isa = PBXGroup;
			children = (
				3D45D4252ECE527A667223FB /* libPods-DomainManager.a */,
			);
			name = Frameworks;
			sourceTree = "<group>";
		};
		F7908D5CFC2C9F44B303409C /* Pods */ = {
			isa = PBXGroup;
			children = (
				33AB1658F22212F6174B03FB /* Pods-DomainManager.debug.xcconfig */,
				6393C00CD56C27F8D3A30056 /* Pods-DomainManager.release.xcconfig */,
			);
			name = Pods;
			path = Pods;
			sourceTree = "<group>";
		};
/* End PBXGroup section */

/* Begin PBXNativeTarget section */
		83F9DBB82E127A520024822B /* DomainManager */ = {
			isa = PBXNativeTarget;
			buildConfigurationList = 83F9DBE22E127A540024822B /* Build configuration list for PBXNativeTarget "DomainManager" */;
			buildPhases = (
				A37E7B8D7F5C994846369315 /* [CP] Check Pods Manifest.lock */,
				83F9DBB52E127A520024822B /* Sources */,
				83F9DBB62E127A520024822B /* Frameworks */,
				83F9DBB72E127A520024822B /* Resources */,
			);
			buildRules = (
			);
			dependencies = (
			);
			fileSystemSynchronizedGroups = (
				83F9DBBB2E127A520024822B /* DomainManager */,
			);
			name = DomainManager;
			productName = DomainManager;
			productReference = 83F9DBB92E127A520024822B /* DomainManager.app */;
			productType = "com.apple.product-type.application";
		};
		83F9DBCE2E127A540024822B /* DomainManagerTests */ = {
			isa = PBXNativeTarget;
			buildConfigurationList = 83F9DBE72E127A540024822B /* Build configuration list for PBXNativeTarget "DomainManagerTests" */;
			buildPhases = (
				83F9DBCB2E127A540024822B /* Sources */,
				83F9DBCC2E127A540024822B /* Frameworks */,
				83F9DBCD2E127A540024822B /* Resources */,
			);
			buildRules = (
			);
			dependencies = (
				83F9DBD12E127A540024822B /* PBXTargetDependency */,
			);
			fileSystemSynchronizedGroups = (
				83F9DBD22E127A540024822B /* DomainManagerTests */,
			);
			name = DomainManagerTests;
			productName = DomainManagerTests;
			productReference = 83F9DBCF2E127A540024822B /* DomainManagerTests.xctest */;
			productType = "com.apple.product-type.bundle.unit-test";
		};
		83F9DBD82E127A540024822B /* DomainManagerUITests */ = {
			isa = PBXNativeTarget;
			buildConfigurationList = 83F9DBEA2E127A540024822B /* Build configuration list for PBXNativeTarget "DomainManagerUITests" */;
			buildPhases = (
				83F9DBD52E127A540024822B /* Sources */,
				83F9DBD62E127A540024822B /* Frameworks */,
				83F9DBD72E127A540024822B /* Resources */,
			);
			buildRules = (
			);
			dependencies = (
				83F9DBDB2E127A540024822B /* PBXTargetDependency */,
			);
			fileSystemSynchronizedGroups = (
				83F9DBDC2E127A540024822B /* DomainManagerUITests */,
			);
			name = DomainManagerUITests;
			productName = DomainManagerUITests;
			productReference = 83F9DBD92E127A540024822B /* DomainManagerUITests.xctest */;
			productType = "com.apple.product-type.bundle.ui-testing";
		};
/* End PBXNativeTarget section */

/* Begin PBXProject section */
		83F9DBB12E127A520024822B /* Project object */ = {
			isa = PBXProject;
			attributes = {
				BuildIndependentTargetsInParallel = 1;
				LastSwiftUpdateCheck = 1620;
				LastUpgradeCheck = 1620;
				TargetAttributes = {
					83F9DBB82E127A520024822B = {
						CreatedOnToolsVersion = 16.2;
						LastSwiftMigration = 1620;
					};
					83F9DBCE2E127A540024822B = {
						CreatedOnToolsVersion = 16.2;
						TestTargetID = 83F9DBB82E127A520024822B;
					};
					83F9DBD82E127A540024822B = {
						CreatedOnToolsVersion = 16.2;
						TestTargetID = 83F9DBB82E127A520024822B;
					};
				};
			};
			buildConfigurationList = 83F9DBB42E127A520024822B /* Build configuration list for PBXProject "DomainManager" */;
			developmentRegion = en;
			hasScannedForEncodings = 0;
			knownRegions = (
				en,
				Base,
			);
			mainGroup = 83F9DBB02E127A520024822B;
			minimizedProjectReferenceProxies = 1;
			preferredProjectObjectVersion = 77;
			productRefGroup = 83F9DBBA2E127A520024822B /* Products */;
			projectDirPath = "";
			projectRoot = "";
			targets = (
				83F9DBB82E127A520024822B /* DomainManager */,
				83F9DBCE2E127A540024822B /* DomainManagerTests */,
				83F9DBD82E127A540024822B /* DomainManagerUITests */,
			);
		};
/* End PBXProject section */

/* Begin PBXResourcesBuildPhase section */
		83F9DBB72E127A520024822B /* Resources */ = {
			isa = PBXResourcesBuildPhase;
			buildActionMask = 2147483647;
			files = (
			);
			runOnlyForDeploymentPostprocessing = 0;
		};
		83F9DBCD2E127A540024822B /* Resources */ = {
			isa = PBXResourcesBuildPhase;
			buildActionMask = 2147483647;
			files = (
			);
			runOnlyForDeploymentPostprocessing = 0;
		};
		83F9DBD72E127A540024822B /* Resources */ = {
			isa = PBXResourcesBuildPhase;
			buildActionMask = 2147483647;
			files = (
			);
			runOnlyForDeploymentPostprocessing = 0;
		};
/* End PBXResourcesBuildPhase section */

/* Begin PBXShellScriptBuildPhase section */
		A37E7B8D7F5C994846369315 /* [CP] Check Pods Manifest.lock */ = {
			isa = PBXShellScriptBuildPhase;
			buildActionMask = 2147483647;
			files = (
			);
			inputFileListPaths = (
			);
			inputPaths = (
				"${PODS_PODFILE_DIR_PATH}/Podfile.lock",
				"${PODS_ROOT}/Manifest.lock",
			);
			name = "[CP] Check Pods Manifest.lock";
			outputFileListPaths = (
			);
			outputPaths = (
				"$(DERIVED_FILE_DIR)/Pods-DomainManager-checkManifestLockResult.txt",
			);
			runOnlyForDeploymentPostprocessing = 0;
			shellPath = /bin/sh;
			shellScript = "diff \"${PODS_PODFILE_DIR_PATH}/Podfile.lock\" \"${PODS_ROOT}/Manifest.lock\" > /dev/null\nif [ $? != 0 ] ; then\n    # print error to STDERR\n    echo \"error: The sandbox is not in sync with the Podfile.lock. Run 'pod install' or update your CocoaPods installation.\" >&2\n    exit 1\nfi\n# This output is used by Xcode 'outputs' to avoid re-running this script phase.\necho \"SUCCESS\" > \"${SCRIPT_OUTPUT_FILE_0}\"\n";
			showEnvVarsInLog = 0;
		};
/* End PBXShellScriptBuildPhase section */

/* Begin PBXSourcesBuildPhase section */
		83F9DBB52E127A520024822B /* Sources */ = {
			isa = PBXSourcesBuildPhase;
			buildActionMask = 2147483647;
			files = (
			);
			runOnlyForDeploymentPostprocessing = 0;
		};
		83F9DBCB2E127A540024822B /* Sources */ = {
			isa = PBXSourcesBuildPhase;
			buildActionMask = 2147483647;
			files = (
			);
			runOnlyForDeploymentPostprocessing = 0;
		};
		83F9DBD52E127A540024822B /* Sources */ = {
			isa = PBXSourcesBuildPhase;
			buildActionMask = 2147483647;
			files = (
			);
			runOnlyForDeploymentPostprocessing = 0;
		};
/* End PBXSourcesBuildPhase section */

/* Begin PBXTargetDependency section */
		83F9DBD12E127A540024822B /* PBXTargetDependency */ = {
			isa = PBXTargetDependency;
			target = 83F9DBB82E127A520024822B /* DomainManager */;
			targetProxy = 83F9DBD02E127A540024822B /* PBXContainerItemProxy */;
		};
		83F9DBDB2E127A540024822B /* PBXTargetDependency */ = {
			isa = PBXTargetDependency;
			target = 83F9DBB82E127A520024822B /* DomainManager */;
			targetProxy = 83F9DBDA2E127A540024822B /* PBXContainerItemProxy */;
		};
/* End PBXTargetDependency section */

/* Begin XCBuildConfiguration section */
		83F9DBE32E127A540024822B /* Debug */ = {
			isa = XCBuildConfiguration;
			baseConfigurationReference = 33AB1658F22212F6174B03FB /* Pods-DomainManager.debug.xcconfig */;
			buildSettings = {
				ASSETCATALOG_COMPILER_APPICON_NAME = AppIcon;
				ASSETCATALOG_COMPILER_GLOBAL_ACCENT_COLOR_NAME = AccentColor;
				CLANG_ENABLE_MODULES = YES;
				CODE_SIGN_STYLE = Automatic;
				CURRENT_PROJECT_VERSION = 1;
				DEVELOPMENT_TEAM = SAT5KCQ957;
				GENERATE_INFOPLIST_FILE = YES;
				INFOPLIST_FILE = DomainManager/Info.plist;
				INFOPLIST_KEY_UIApplicationSupportsIndirectInputEvents = YES;
				INFOPLIST_KEY_UILaunchStoryboardName = LaunchScreen;
				INFOPLIST_KEY_UIMainStoryboardFile = Main;
				INFOPLIST_KEY_UISupportedInterfaceOrientations_iPad = "UIInterfaceOrientationPortrait UIInterfaceOrientationPortraitUpsideDown UIInterfaceOrientationLandscapeLeft UIInterfaceOrientationLandscapeRight";
				INFOPLIST_KEY_UISupportedInterfaceOrientations_iPhone = "UIInterfaceOrientationPortrait UIInterfaceOrientationLandscapeLeft UIInterfaceOrientationLandscapeRight";
				IPHONEOS_DEPLOYMENT_TARGET = 14.0;
				LD_RUNPATH_SEARCH_PATHS = (
					"$(inherited)",
					"@executable_path/Frameworks",
				);
				MARKETING_VERSION = 1.0;
				PRODUCT_BUNDLE_IDENTIFIER = dp.DomainManager;
				PRODUCT_NAME = "$(TARGET_NAME)";
				SWIFT_EMIT_LOC_STRINGS = YES;
				SWIFT_OBJC_BRIDGING_HEADER = "DomainManager/DomainManager-Bridging-Header.h";
				SWIFT_OPTIMIZATION_LEVEL = "-Onone";
				SWIFT_VERSION = 5.0;
				TARGETED_DEVICE_FAMILY = "1,2";
			};
			name = Debug;
		};
		83F9DBE42E127A540024822B /* Release */ = {
			isa = XCBuildConfiguration;
			baseConfigurationReference = 6393C00CD56C27F8D3A30056 /* Pods-DomainManager.release.xcconfig */;
			buildSettings = {
				ASSETCATALOG_COMPILER_APPICON_NAME = AppIcon;
				ASSETCATALOG_COMPILER_GLOBAL_ACCENT_COLOR_NAME = AccentColor;
				CLANG_ENABLE_MODULES = YES;
				CODE_SIGN_STYLE = Automatic;
				CURRENT_PROJECT_VERSION = 1;
				DEVELOPMENT_TEAM = SAT5KCQ957;
				GENERATE_INFOPLIST_FILE = YES;
				INFOPLIST_FILE = DomainManager/Info.plist;
				INFOPLIST_KEY_UIApplicationSupportsIndirectInputEvents = YES;
				INFOPLIST_KEY_UILaunchStoryboardName = LaunchScreen;
				INFOPLIST_KEY_UIMainStoryboardFile = Main;
				INFOPLIST_KEY_UISupportedInterfaceOrientations_iPad = "UIInterfaceOrientationPortrait UIInterfaceOrientationPortraitUpsideDown UIInterfaceOrientationLandscapeLeft UIInterfaceOrientationLandscapeRight";
				INFOPLIST_KEY_UISupportedInterfaceOrientations_iPhone = "UIInterfaceOrientationPortrait UIInterfaceOrientationLandscapeLeft UIInterfaceOrientationLandscapeRight";
				IPHONEOS_DEPLOYMENT_TARGET = 14.0;
				LD_RUNPATH_SEARCH_PATHS = (
					"$(inherited)",
					"@executable_path/Frameworks",
				);
				MARKETING_VERSION = 1.0;
				PRODUCT_BUNDLE_IDENTIFIER = dp.DomainManager;
				PRODUCT_NAME = "$(TARGET_NAME)";
				SWIFT_EMIT_LOC_STRINGS = YES;
				SWIFT_OBJC_BRIDGING_HEADER = "DomainManager/DomainManager-Bridging-Header.h";
				SWIFT_VERSION = 5.0;
				TARGETED_DEVICE_FAMILY = "1,2";
			};
			name = Release;
		};
		83F9DBE52E127A540024822B /* Debug */ = {
			isa = XCBuildConfiguration;
			buildSettings = {
				ALWAYS_SEARCH_USER_PATHS = NO;
				ASSETCATALOG_COMPILER_GENERATE_SWIFT_ASSET_SYMBOL_EXTENSIONS = YES;
				CLANG_ANALYZER_NONNULL = YES;
				CLANG_ANALYZER_NUMBER_OBJECT_CONVERSION = YES_AGGRESSIVE;
				CLANG_CXX_LANGUAGE_STANDARD = "gnu++20";
				CLANG_ENABLE_MODULES = YES;
				CLANG_ENABLE_OBJC_ARC = YES;
				CLANG_ENABLE_OBJC_WEAK = YES;
				CLANG_WARN_BLOCK_CAPTURE_AUTORELEASING = YES;
				CLANG_WARN_BOOL_CONVERSION = YES;
				CLANG_WARN_COMMA = YES;
				CLANG_WARN_CONSTANT_CONVERSION = YES;
				CLANG_WARN_DEPRECATED_OBJC_IMPLEMENTATIONS = YES;
				CLANG_WARN_DIRECT_OBJC_ISA_USAGE = YES_ERROR;
				CLANG_WARN_DOCUMENTATION_COMMENTS = YES;
				CLANG_WARN_EMPTY_BODY = YES;
				CLANG_WARN_ENUM_CONVERSION = YES;
				CLANG_WARN_INFINITE_RECURSION = YES;
				CLANG_WARN_INT_CONVERSION = YES;
				CLANG_WARN_NON_LITERAL_NULL_CONVERSION = YES;
				CLANG_WARN_OBJC_IMPLICIT_RETAIN_SELF = YES;
				CLANG_WARN_OBJC_LITERAL_CONVERSION = YES;
				CLANG_WARN_OBJC_ROOT_CLASS = YES_ERROR;
				CLANG_WARN_QUOTED_INCLUDE_IN_FRAMEWORK_HEADER = YES;
				CLANG_WARN_RANGE_LOOP_ANALYSIS = YES;
				CLANG_WARN_STRICT_PROTOTYPES = YES;
				CLANG_WARN_SUSPICIOUS_MOVE = YES;
				CLANG_WARN_UNGUARDED_AVAILABILITY = YES_AGGRESSIVE;
				CLANG_WARN_UNREACHABLE_CODE = YES;
				CLANG_WARN__DUPLICATE_METHOD_MATCH = YES;
				COPY_PHASE_STRIP = NO;
				DEBUG_INFORMATION_FORMAT = dwarf;
				ENABLE_STRICT_OBJC_MSGSEND = YES;
				ENABLE_TESTABILITY = YES;
				ENABLE_USER_SCRIPT_SANDBOXING = YES;
				GCC_C_LANGUAGE_STANDARD = gnu17;
				GCC_DYNAMIC_NO_PIC = NO;
				GCC_NO_COMMON_BLOCKS = YES;
				GCC_OPTIMIZATION_LEVEL = 0;
				GCC_PREPROCESSOR_DEFINITIONS = (
					"DEBUG=1",
					"$(inherited)",
				);
				GCC_WARN_64_TO_32_BIT_CONVERSION = YES;
				GCC_WARN_ABOUT_RETURN_TYPE = YES_ERROR;
				GCC_WARN_UNDECLARED_SELECTOR = YES;
				GCC_WARN_UNINITIALIZED_AUTOS = YES_AGGRESSIVE;
				GCC_WARN_UNUSED_FUNCTION = YES;
				GCC_WARN_UNUSED_VARIABLE = YES;
				IPHONEOS_DEPLOYMENT_TARGET = 18.2;
				LOCALIZATION_PREFERS_STRING_CATALOGS = YES;
				MTL_ENABLE_DEBUG_INFO = INCLUDE_SOURCE;
				MTL_FAST_MATH = YES;
				ONLY_ACTIVE_ARCH = YES;
				SDKROOT = iphoneos;
				SWIFT_ACTIVE_COMPILATION_CONDITIONS = "DEBUG $(inherited)";
				SWIFT_OPTIMIZATION_LEVEL = "-Onone";
			};
			name = Debug;
		};
		83F9DBE62E127A540024822B /* Release */ = {
			isa = XCBuildConfiguration;
			buildSettings = {
				ALWAYS_SEARCH_USER_PATHS = NO;
				ASSETCATALOG_COMPILER_GENERATE_SWIFT_ASSET_SYMBOL_EXTENSIONS = YES;
				CLANG_ANALYZER_NONNULL = YES;
				CLANG_ANALYZER_NUMBER_OBJECT_CONVERSION = YES_AGGRESSIVE;
				CLANG_CXX_LANGUAGE_STANDARD = "gnu++20";
				CLANG_ENABLE_MODULES = YES;
				CLANG_ENABLE_OBJC_ARC = YES;
				CLANG_ENABLE_OBJC_WEAK = YES;
				CLANG_WARN_BLOCK_CAPTURE_AUTORELEASING = YES;
				CLANG_WARN_BOOL_CONVERSION = YES;
				CLANG_WARN_COMMA = YES;
				CLANG_WARN_CONSTANT_CONVERSION = YES;
				CLANG_WARN_DEPRECATED_OBJC_IMPLEMENTATIONS = YES;
				CLANG_WARN_DIRECT_OBJC_ISA_USAGE = YES_ERROR;
				CLANG_WARN_DOCUMENTATION_COMMENTS = YES;
				CLANG_WARN_EMPTY_BODY = YES;
				CLANG_WARN_ENUM_CONVERSION = YES;
				CLANG_WARN_INFINITE_RECURSION = YES;
				CLANG_WARN_INT_CONVERSION = YES;
				CLANG_WARN_NON_LITERAL_NULL_CONVERSION = YES;
				CLANG_WARN_OBJC_IMPLICIT_RETAIN_SELF = YES;
				CLANG_WARN_OBJC_LITERAL_CONVERSION = YES;
				CLANG_WARN_OBJC_ROOT_CLASS = YES_ERROR;
				CLANG_WARN_QUOTED_INCLUDE_IN_FRAMEWORK_HEADER = YES;
				CLANG_WARN_RANGE_LOOP_ANALYSIS = YES;
				CLANG_WARN_STRICT_PROTOTYPES = YES;
				CLANG_WARN_SUSPICIOUS_MOVE = YES;
				CLANG_WARN_UNGUARDED_AVAILABILITY = YES_AGGRESSIVE;
				CLANG_WARN_UNREACHABLE_CODE = YES;
				CLANG_WARN__DUPLICATE_METHOD_MATCH = YES;
				COPY_PHASE_STRIP = NO;
				DEBUG_INFORMATION_FORMAT = "dwarf-with-dsym";
				ENABLE_NS_ASSERTIONS = NO;
				ENABLE_STRICT_OBJC_MSGSEND = YES;
				ENABLE_USER_SCRIPT_SANDBOXING = YES;
				GCC_C_LANGUAGE_STANDARD = gnu17;
				GCC_NO_COMMON_BLOCKS = YES;
				GCC_WARN_64_TO_32_BIT_CONVERSION = YES;
				GCC_WARN_ABOUT_RETURN_TYPE = YES_ERROR;
				GCC_WARN_UNDECLARED_SELECTOR = YES;
				GCC_WARN_UNINITIALIZED_AUTOS = YES_AGGRESSIVE;
				GCC_WARN_UNUSED_FUNCTION = YES;
				GCC_WARN_UNUSED_VARIABLE = YES;
				IPHONEOS_DEPLOYMENT_TARGET = 18.2;
				LOCALIZATION_PREFERS_STRING_CATALOGS = YES;
				MTL_ENABLE_DEBUG_INFO = NO;
				MTL_FAST_MATH = YES;
				SDKROOT = iphoneos;
				SWIFT_COMPILATION_MODE = wholemodule;
				VALIDATE_PRODUCT = YES;
			};
			name = Release;
		};
		83F9DBE82E127A540024822B /* Debug */ = {
			isa = XCBuildConfiguration;
			buildSettings = {
				BUNDLE_LOADER = "$(TEST_HOST)";
				CODE_SIGN_STYLE = Automatic;
				CURRENT_PROJECT_VERSION = 1;
				GENERATE_INFOPLIST_FILE = YES;
				IPHONEOS_DEPLOYMENT_TARGET = 18.2;
				MARKETING_VERSION = 1.0;
				PRODUCT_BUNDLE_IDENTIFIER = dp.DomainManagerTests;
				PRODUCT_NAME = "$(TARGET_NAME)";
				SWIFT_EMIT_LOC_STRINGS = NO;
				SWIFT_VERSION = 5.0;
				TARGETED_DEVICE_FAMILY = "1,2";
				TEST_HOST = "$(BUILT_PRODUCTS_DIR)/DomainManager.app/$(BUNDLE_EXECUTABLE_FOLDER_PATH)/DomainManager";
			};
			name = Debug;
		};
		83F9DBE92E127A540024822B /* Release */ = {
			isa = XCBuildConfiguration;
			buildSettings = {
				BUNDLE_LOADER = "$(TEST_HOST)";
				CODE_SIGN_STYLE = Automatic;
				CURRENT_PROJECT_VERSION = 1;
				GENERATE_INFOPLIST_FILE = YES;
				IPHONEOS_DEPLOYMENT_TARGET = 18.2;
				MARKETING_VERSION = 1.0;
				PRODUCT_BUNDLE_IDENTIFIER = dp.DomainManagerTests;
				PRODUCT_NAME = "$(TARGET_NAME)";
				SWIFT_EMIT_LOC_STRINGS = NO;
				SWIFT_VERSION = 5.0;
				TARGETED_DEVICE_FAMILY = "1,2";
				TEST_HOST = "$(BUILT_PRODUCTS_DIR)/DomainManager.app/$(BUNDLE_EXECUTABLE_FOLDER_PATH)/DomainManager";
			};
			name = Release;
		};
		83F9DBEB2E127A540024822B /* Debug */ = {
			isa = XCBuildConfiguration;
			buildSettings = {
				CODE_SIGN_STYLE = Automatic;
				CURRENT_PROJECT_VERSION = 1;
				GENERATE_INFOPLIST_FILE = YES;
				MARKETING_VERSION = 1.0;
				PRODUCT_BUNDLE_IDENTIFIER = dp.DomainManagerUITests;
				PRODUCT_NAME = "$(TARGET_NAME)";
				SWIFT_EMIT_LOC_STRINGS = NO;
				SWIFT_VERSION = 5.0;
				TARGETED_DEVICE_FAMILY = "1,2";
				TEST_TARGET_NAME = DomainManager;
			};
			name = Debug;
		};
		83F9DBEC2E127A540024822B /* Release */ = {
			isa = XCBuildConfiguration;
			buildSettings = {
				CODE_SIGN_STYLE = Automatic;
				CURRENT_PROJECT_VERSION = 1;
				GENERATE_INFOPLIST_FILE = YES;
				MARKETING_VERSION = 1.0;
				PRODUCT_BUNDLE_IDENTIFIER = dp.DomainManagerUITests;
				PRODUCT_NAME = "$(TARGET_NAME)";
				SWIFT_EMIT_LOC_STRINGS = NO;
				SWIFT_VERSION = 5.0;
				TARGETED_DEVICE_FAMILY = "1,2";
				TEST_TARGET_NAME = DomainManager;
			};
			name = Release;
		};
/* End XCBuildConfiguration section */

/* Begin XCConfigurationList section */
		83F9DBB42E127A520024822B /* Build configuration list for PBXProject "DomainManager" */ = {
			isa = XCConfigurationList;
			buildConfigurations = (
				83F9DBE52E127A540024822B /* Debug */,
				83F9DBE62E127A540024822B /* Release */,
			);
			defaultConfigurationIsVisible = 0;
			defaultConfigurationName = Release;
		};
		83F9DBE22E127A540024822B /* Build configuration list for PBXNativeTarget "DomainManager" */ = {
			isa = XCConfigurationList;
			buildConfigurations = (
				83F9DBE32E127A540024822B /* Debug */,
				83F9DBE42E127A540024822B /* Release */,
			);
			defaultConfigurationIsVisible = 0;
			defaultConfigurationName = Release;
		};
		83F9DBE72E127A540024822B /* Build configuration list for PBXNativeTarget "DomainManagerTests" */ = {
			isa = XCConfigurationList;
			buildConfigurations = (
				83F9DBE82E127A540024822B /* Debug */,
				83F9DBE92E127A540024822B /* Release */,
			);
			defaultConfigurationIsVisible = 0;
			defaultConfigurationName = Release;
		};
		83F9DBEA2E127A540024822B /* Build configuration list for PBXNativeTarget "DomainManagerUITests" */ = {
			isa = XCConfigurationList;
			buildConfigurations = (
				83F9DBEB2E127A540024822B /* Debug */,
				83F9DBEC2E127A540024822B /* Release */,
			);
			defaultConfigurationIsVisible = 0;
			defaultConfigurationName = Release;
		};
/* End XCConfigurationList section */
	};
	rootObject = 83F9DBB12E127A520024822B /* Project object */;
}
